
Microsoft Visual Studio Solution File, Format Version 12.00
# Visual Studio Version 17
VisualStudioVersion = 17.12.35506.116
MinimumVisualStudioVersion = 10.0.40219.1
Project("{FAE04EC0-301F-11D3-BF4B-00C04F79EFBC}") = "GUI", "banvemaybay\GUI.csproj", "{83A7DE6B-6B5D-40A2-A980-C862A7C1F60C}"
EndProject
Project("{FAE04EC0-301F-11D3-BF4B-00C04F79EFBC}") = "BLL", "BLL\BLL.csproj", "{FD42BD2C-D16E-4C50-A90A-7514AEF89627}"
EndProject
Project("{FAE04EC0-301F-11D3-BF4B-00C04F79EFBC}") = "DTO", "DTO\DTO.csproj", "{EE50CC8C-85FC-4475-9FEB-E464FCDCE7F1}"
EndProject
Project("{FAE04EC0-301F-11D3-BF4B-00C04F79EFBC}") = "DAL", "DAL\DAL.csproj", "{11D71A75-ECEC-45E8-B44E-3CC8368FB9F0}"
EndProject
Global
	GlobalSection(SolutionConfigurationPlatforms) = preSolution
		Debug|Any CPU = Debug|Any CPU
		Release|Any CPU = Release|Any CPU
	EndGlobalSection
	GlobalSection(ProjectConfigurationPlatforms) = postSolution
		{83A7DE6B-6B5D-40A2-A980-C862A7C1F60C}.Debug|Any CPU.ActiveCfg = Debug|Any CPU
		{83A7DE6B-6B5D-40A2-A980-C862A7C1F60C}.Debug|Any CPU.Build.0 = Debug|Any CPU
		{83A7DE6B-6B5D-40A2-A980-C862A7C1F60C}.Release|Any CPU.ActiveCfg = Release|Any CPU
		{83A7DE6B-6B5D-40A2-A980-C862A7C1F60C}.Release|Any CPU.Build.0 = Release|Any CPU
		{FD42BD2C-D16E-4C50-A90A-7514AEF89627}.Debug|Any CPU.ActiveCfg = Debug|Any CPU
		{FD42BD2C-D16E-4C50-A90A-7514AEF89627}.Debug|Any CPU.Build.0 = Debug|Any CPU
		{FD42BD2C-D16E-4C50-A90A-7514AEF89627}.Release|Any CPU.ActiveCfg = Release|Any CPU
		{FD42BD2C-D16E-4C50-A90A-7514AEF89627}.Release|Any CPU.Build.0 = Release|Any CPU
		{EE50CC8C-85FC-4475-9FEB-E464FCDCE7F1}.Debug|Any CPU.ActiveCfg = Debug|Any CPU
		{EE50CC8C-85FC-4475-9FEB-E464FCDCE7F1}.Debug|Any CPU.Build.0 = Debug|Any CPU
		{EE50CC8C-85FC-4475-9FEB-E464FCDCE7F1}.Release|Any CPU.ActiveCfg = Release|Any CPU
		{EE50CC8C-85FC-4475-9FEB-E464FCDCE7F1}.Release|Any CPU.Build.0 = Release|Any CPU
		{11D71A75-ECEC-45E8-B44E-3CC8368FB9F0}.Debug|Any CPU.ActiveCfg = Debug|Any CPU
		{11D71A75-ECEC-45E8-B44E-3CC8368FB9F0}.Debug|Any CPU.Build.0 = Debug|Any CPU
		{11D71A75-ECEC-45E8-B44E-3CC8368FB9F0}.Release|Any CPU.ActiveCfg = Release|Any CPU
		{11D71A75-ECEC-45E8-B44E-3CC8368FB9F0}.Release|Any CPU.Build.0 = Release|Any CPU
	EndGlobalSection
	GlobalSection(SolutionProperties) = preSolution
		HideSolutionNode = FALSE
	EndGlobalSection
EndGlobal
